
Microsoft Visual Studio Solution File, Format Version 12.00
# Visual Studio Version 17
VisualStudioVersion = 17.14.36518.9 d17.14
MinimumVisualStudioVersion = 10.0.40219.1
Project("{FAE04EC0-301F-11D3-BF4B-00C04F79EFBC}") = "Task Session 2", "Task Session 2.csproj", "{6C554E53-1658-4144-967B-B3A15E526291}"
EndProject
Global
	GlobalSection(SolutionConfigurationPlatforms) = preSolution
		Debug|Any CPU = Debug|Any CPU
		Release|Any CPU = Release|Any CPU
	EndGlobalSection
	GlobalSection(ProjectConfigurationPlatforms) = postSolution
		{6C554E53-1658-4144-967B-B3A15E526291}.Debug|Any CPU.ActiveCfg = Debug|Any CPU
		{6C554E53-1658-4144-967B-B3A15E526291}.Debug|Any CPU.Build.0 = Debug|Any CPU
		{6C554E53-1658-4144-967B-B3A15E526291}.Release|Any CPU.ActiveCfg = Release|Any CPU
		{6C554E53-1658-4144-967B-B3A15E526291}.Release|Any CPU.Build.0 = Release|Any CPU
	EndGlobalSection
	GlobalSection(SolutionProperties) = preSolution
		HideSolutionNode = FALSE
	EndGlobalSection
	GlobalSection(ExtensibilityGlobals) = postSolution
		SolutionGuid = {C7FC5A43-9F96-40F4-A00F-F98A3F32FA37}
	EndGlobalSection
EndGlobal
